
Microsoft Visual Studio Solution File, Format Version 12.00
# Visual Studio 14
VisualStudioVersion = 14.0.24720.0
MinimumVisualStudioVersion = 10.0.40219.1
Project("{FAE04EC0-301F-11D3-BF4B-00C04F79EFBC}") = "nameSplitParse", "nameSplitParse\nameSplitParse.csproj", "{F2566CBB-331C-4246-9124-394C7D1DC4EF}"
EndProject
Project("{FAE04EC0-301F-11D3-BF4B-00C04F79EFBC}") = "nameSplitParse.core", "nameSplitParse.core\nameSplitParse.core.csproj", "{74439972-0209-4906-91FA-94860200825C}"
EndProject
Global
	GlobalSection(SolutionConfigurationPlatforms) = preSolution
		Debug|Any CPU = Debug|Any CPU
		Release|Any CPU = Release|Any CPU
	EndGlobalSection
	GlobalSection(ProjectConfigurationPlatforms) = postSolution
		{F2566CBB-331C-4246-9124-394C7D1DC4EF}.Debug|Any CPU.ActiveCfg = Debug|Any CPU
		{F2566CBB-331C-4246-9124-394C7D1DC4EF}.Debug|Any CPU.Build.0 = Debug|Any CPU
		{F2566CBB-331C-4246-9124-394C7D1DC4EF}.Release|Any CPU.ActiveCfg = Release|Any CPU
		{F2566CBB-331C-4246-9124-394C7D1DC4EF}.Release|Any CPU.Build.0 = Release|Any CPU
		{74439972-0209-4906-91FA-94860200825C}.Debug|Any CPU.ActiveCfg = Debug|Any CPU
		{74439972-0209-4906-91FA-94860200825C}.Debug|Any CPU.Build.0 = Debug|Any CPU
		{74439972-0209-4906-91FA-94860200825C}.Release|Any CPU.ActiveCfg = Release|Any CPU
		{74439972-0209-4906-91FA-94860200825C}.Release|Any CPU.Build.0 = Release|Any CPU
	EndGlobalSection
	GlobalSection(SolutionProperties) = preSolution
		HideSolutionNode = FALSE
	EndGlobalSection
EndGlobal
